
Microsoft Visual Studio Solution File, Format Version 12.00
# Visual Studio 15
VisualStudioVersion = 15.0.28307.106
MinimumVisualStudioVersion = 10.0.40219.1
Project("{FAE04EC0-301F-11D3-BF4B-00C04F79EFBC}") = "Print", "Print\Print.csproj", "{7C70D7EF-3DDB-4BB3-842D-AD52E0BA9FDF}"
EndProject
Global
	GlobalSection(SolutionConfigurationPlatforms) = preSolution
		Debug|Any CPU = Debug|Any CPU
		Release|Any CPU = Release|Any CPU
	EndGlobalSection
	GlobalSection(ProjectConfigurationPlatforms) = postSolution
		{7C70D7EF-3DDB-4BB3-842D-AD52E0BA9FDF}.Debug|Any CPU.ActiveCfg = Debug|Any CPU
		{7C70D7EF-3DDB-4BB3-842D-AD52E0BA9FDF}.Debug|Any CPU.Build.0 = Debug|Any CPU
		{7C70D7EF-3DDB-4BB3-842D-AD52E0BA9FDF}.Release|Any CPU.ActiveCfg = Release|Any CPU
		{7C70D7EF-3DDB-4BB3-842D-AD52E0BA9FDF}.Release|Any CPU.Build.0 = Release|Any CPU
	EndGlobalSection
	GlobalSection(SolutionProperties) = preSolution
		HideSolutionNode = FALSE
	EndGlobalSection
	GlobalSection(ExtensibilityGlobals) = postSolution
		SolutionGuid = {79FCFD3E-CF9F-48EA-A2DF-9EF37CC0B218}
	EndGlobalSection
EndGlobal
